{
  "name": "coc-julia",
  "version": "0.15.0",
  "lockfileVersion": 3,
  "requires": true,
  "packages": {
    "": {
      "name": "coc-julia",
      "version": "0.15.0",
      "license": "MIT",
      "devDependencies": {
        "@biomejs/biome": "^1.7.1",
        "@types/node": "16",
        "@types/which": "^3.0.3",
        "coc.nvim": "^0.0.83-next.18",
        "esbuild": "^0.20.2",
        "typescript": "^5.4.5",
        "which": "^4.0.0"
      },
      "engines": {
        "coc": "^0.0.80"
      }
    },
    "node_modules/@biomejs/biome": {
      "version": "1.7.2",
      "resolved": "https://registry.npmjs.org/@biomejs/biome/-/biome-1.7.2.tgz",
      "integrity": "sha512-6Skx9N47inLQzYi9RKgJ7PBnUnaHnMe/imqX43cOcJjZtfMnQLxEvfM2Eyo7gChkwrZlwc+VbA4huFRjw2fsYA==",
      "dev": true,
      "hasInstallScript": true,
      "bin": {
        "biome": "bin/biome"
      },
      "engines": {
        "node": ">=14.21.3"
      },
      "funding": {
        "type": "opencollective",
        "url": "https://opencollective.com/biome"
      },
      "optionalDependencies": {
        "@biomejs/cli-darwin-arm64": "1.7.2",
        "@biomejs/cli-darwin-x64": "1.7.2",
        "@biomejs/cli-linux-arm64": "1.7.2",
        "@biomejs/cli-linux-arm64-musl": "1.7.2",
        "@biomejs/cli-linux-x64": "1.7.2",
        "@biomejs/cli-linux-x64-musl": "1.7.2",
        "@biomejs/cli-win32-arm64": "1.7.2",
        "@biomejs/cli-win32-x64": "1.7.2"
      }
    },
    "node_modules/@biomejs/cli-darwin-arm64": {
      "version": "1.7.2",
      "resolved": "https://registry.npmjs.org/@biomejs/cli-darwin-arm64/-/cli-darwin-arm64-1.7.2.tgz",
      "integrity": "sha512-CrldIueHivWEWmeTkK8bTXajeX53F8i2Rrkkt8cPZyMtzkrwxf8Riq4a/jz3SQBHkxHFT4TqGbSTNMXe3X1ogA==",
      "cpu": [
        "arm64"
      ],
      "dev": true,
      "optional": true,
      "os": [
        "darwin"
      ],
      "engines": {
        "node": ">=14.21.3"
      }
    },
    "node_modules/@biomejs/cli-darwin-x64": {
      "version": "1.7.2",
      "resolved": "https://registry.npmjs.org/@biomejs/cli-darwin-x64/-/cli-darwin-x64-1.7.2.tgz",
      "integrity": "sha512-UELnLJuJOsTL9meArvn8BtiXDURyPil2Ej9me2uVpEvee8UQdqd/bssP5we400OWShlL1AAML4fn6d2WX5332g==",
      "cpu": [
        "x64"
      ],
      "dev": true,
      "optional": true,
      "os": [
        "darwin"
      ],
      "engines": {
        "node": ">=14.21.3"
      }
    },
    "node_modules/@biomejs/cli-linux-arm64": {
      "version": "1.7.2",
      "resolved": "https://registry.npmjs.org/@biomejs/cli-linux-arm64/-/cli-linux-arm64-1.7.2.tgz",
      "integrity": "sha512-Z1CSGQE6fHz55gkiFHv9E8wEAaSUd7dHSRaxSCBa7utonHqpIeMbvj3Evm1w0WfGLFDtRXLV1fTfEdM0FMTOhA==",
      "cpu": [
        "arm64"
      ],
      "dev": true,
      "optional": true,
      "os": [
        "linux"
      ],
      "engines": {
        "node": ">=14.21.3"
      }
    },
    "node_modules/@biomejs/cli-linux-arm64-musl": {
      "version": "1.7.2",
      "resolved": "https://registry.npmjs.org/@biomejs/cli-linux-arm64-musl/-/cli-linux-arm64-musl-1.7.2.tgz",
      "integrity": "sha512-kKYZiem7Sj7wI0dpVxJlK7C+TFQwzO/ctufIGXGJAyEmUe9vEKSzV8CXpv+JIRiTWyqaZJ4K+eHz4SPdPCv05w==",
      "cpu": [
        "arm64"
      ],
      "dev": true,
      "optional": true,
      "os": [
        "linux"
      ],
      "engines": {
        "node": ">=14.21.3"
      }
    },
    "node_modules/@biomejs/cli-linux-x64": {
      "version": "1.7.2",
      "resolved": "https://registry.npmjs.org/@biomejs/cli-linux-x64/-/cli-linux-x64-1.7.2.tgz",
      "integrity": "sha512-vXXyox8/CQijBxAu0+r8FfSO7JlC4tob3PbaFda8gPJFRz2uFJw39HtxVUwbTV1EcU6wSPh4SiRu5sZfP1VHrQ==",
      "cpu": [
        "x64"
      ],
      "dev": true,
      "optional": true,
      "os": [
        "linux"
      ],
      "engines": {
        "node": ">=14.21.3"
      }
    },
    "node_modules/@biomejs/cli-linux-x64-musl": {
      "version": "1.7.2",
      "resolved": "https://registry.npmjs.org/@biomejs/cli-linux-x64-musl/-/cli-linux-x64-musl-1.7.2.tgz",
      "integrity": "sha512-x10LpGMepDrLS+h2TZ6/T7egpHjGKtiI4GuShNylmBQJWfTotbFf9eseHggrqJ4WZf9yrGoVYrtbxXftuB95sQ==",
      "cpu": [
        "x64"
      ],
      "dev": true,
      "optional": true,
      "os": [
        "linux"
      ],
      "engines": {
        "node": ">=14.21.3"
      }
    },
    "node_modules/@biomejs/cli-win32-arm64": {
      "version": "1.7.2",
      "resolved": "https://registry.npmjs.org/@biomejs/cli-win32-arm64/-/cli-win32-arm64-1.7.2.tgz",
      "integrity": "sha512-kRXdlKzcU7INf6/ldu0nVmkOgt7bKqmyXRRCUqqaJfA32+9InTbkD8tGrHZEVYIWr+eTuKcg16qZVDsPSDFZ8g==",
      "cpu": [
        "arm64"
      ],
      "dev": true,
      "optional": true,
      "os": [
        "win32"
      ],
      "engines": {
        "node": ">=14.21.3"
      }
    },
    "node_modules/@biomejs/cli-win32-x64": {
      "version": "1.7.2",
      "resolved": "https://registry.npmjs.org/@biomejs/cli-win32-x64/-/cli-win32-x64-1.7.2.tgz",
      "integrity": "sha512-qHTtpAs+CNglAAuaTy09htoqUhrQyd3nd0aGTuLNqD10h1llMVi8WFZfoa+e5MuDSfYtMK6nW2Tbf6WgzzR1Qw==",
      "cpu": [
        "x64"
      ],
      "dev": true,
      "optional": true,
      "os": [
        "win32"
      ],
      "engines": {
        "node": ">=14.21.3"
      }
    },
    "node_modules/@esbuild/darwin-arm64": {
      "version": "0.20.2",
      "resolved": "https://registry.npmjs.org/@esbuild/darwin-arm64/-/darwin-arm64-0.20.2.tgz",
      "integrity": "sha512-4J6IRT+10J3aJH3l1yzEg9y3wkTDgDk7TSDFX+wKFiWjqWp/iCfLIYzGyasx9l0SAFPT1HwSCR+0w/h1ES/MjA==",
      "cpu": [
        "arm64"
      ],
      "dev": true,
      "license": "MIT",
      "optional": true,
      "os": [
        "darwin"
      ],
      "engines": {
        "node": ">=12"
      }
    },
    "node_modules/@types/node": {
      "version": "16.18.97",
      "resolved": "https://registry.npmjs.org/@types/node/-/node-16.18.97.tgz",
      "integrity": "sha512-4muilE1Lbfn57unR+/nT9AFjWk0MtWi5muwCEJqnOvfRQDbSfLCUdN7vCIg8TYuaANfhLOV85ve+FNpiUsbSRg==",
      "dev": true
    },
    "node_modules/@types/which": {
      "version": "3.0.4",
      "resolved": "https://registry.npmjs.org/@types/which/-/which-3.0.4.tgz",
      "integrity": "sha512-liyfuo/106JdlgSchJzXEQCVArk0CvevqPote8F8HgWgJ3dRCcTHgJIsLDuee0kxk/mhbInzIZk3QWSZJ8R+2w==",
      "dev": true
    },
    "node_modules/coc.nvim": {
      "version": "0.0.83-next.18",
      "resolved": "https://registry.npmjs.org/coc.nvim/-/coc.nvim-0.0.83-next.18.tgz",
      "integrity": "sha512-BZ1a+lnvQ/l7WzoRy97oYubDnYkX+vyAN2GhrKzWMc4d8YujOcOCjaeRv6Ogn7Bvoc5rM9X88CPuOoE0iP1ceQ==",
      "dev": true,
      "license": "MIT",
      "engines": {
        "node": ">=16.18.0"
      },
      "funding": {
        "type": "opencollective",
        "url": "https://opencollective.com/cocnvim"
      },
      "peerDependencies": {
        "@types/node": "^16.18.0"
      }
    },
    "node_modules/esbuild": {
      "version": "0.20.2",
      "resolved": "https://registry.npmjs.org/esbuild/-/esbuild-0.20.2.tgz",
      "integrity": "sha512-WdOOppmUNU+IbZ0PaDiTst80zjnrOkyJNHoKupIcVyU8Lvla3Ugx94VzkQ32Ijqd7UhHJy75gNWDMUekcrSJ6g==",
      "dev": true,
      "hasInstallScript": true,
      "license": "MIT",
      "bin": {
        "esbuild": "bin/esbuild"
      },
      "engines": {
        "node": ">=12"
      },
      "optionalDependencies": {
        "@esbuild/aix-ppc64": "0.20.2",
        "@esbuild/android-arm": "0.20.2",
        "@esbuild/android-arm64": "0.20.2",
        "@esbuild/android-x64": "0.20.2",
        "@esbuild/darwin-arm64": "0.20.2",
        "@esbuild/darwin-x64": "0.20.2",
        "@esbuild/freebsd-arm64": "0.20.2",
        "@esbuild/freebsd-x64": "0.20.2",
        "@esbuild/linux-arm": "0.20.2",
        "@esbuild/linux-arm64": "0.20.2",
        "@esbuild/linux-ia32": "0.20.2",
        "@esbuild/linux-loong64": "0.20.2",
        "@esbuild/linux-mips64el": "0.20.2",
        "@esbuild/linux-ppc64": "0.20.2",
        "@esbuild/linux-riscv64": "0.20.2",
        "@esbuild/linux-s390x": "0.20.2",
        "@esbuild/linux-x64": "0.20.2",
        "@esbuild/netbsd-x64": "0.20.2",
        "@esbuild/openbsd-x64": "0.20.2",
        "@esbuild/sunos-x64": "0.20.2",
        "@esbuild/win32-arm64": "0.20.2",
        "@esbuild/win32-ia32": "0.20.2",
        "@esbuild/win32-x64": "0.20.2"
      }
    },
    "node_modules/isexe": {
      "version": "3.1.1",
      "resolved": "https://registry.npmjs.org/isexe/-/isexe-3.1.1.tgz",
      "integrity": "sha512-LpB/54B+/2J5hqQ7imZHfdU31OlgQqx7ZicVlkm9kzg9/w8GKLEcFfJl/t7DCEDueOyBAD6zCCwTO6Fzs0NoEQ==",
      "dev": true,
      "license": "ISC",
      "engines": {
        "node": ">=16"
      }
    },
    "node_modules/typescript": {
      "version": "5.4.5",
      "resolved": "https://registry.npmjs.org/typescript/-/typescript-5.4.5.tgz",
      "integrity": "sha512-vcI4UpRgg81oIRUFwR0WSIHKt11nJ7SAVlYNIu+QpqeyXP+gpQJy/Z4+F0aGxSE4MqwjyXvW/TzgkLAx2AGHwQ==",
      "dev": true,
      "bin": {
        "tsc": "bin/tsc",
        "tsserver": "bin/tsserver"
      },
      "engines": {
        "node": ">=14.17"
      }
    },
    "node_modules/which": {
      "version": "4.0.0",
      "resolved": "https://registry.npmjs.org/which/-/which-4.0.0.tgz",
      "integrity": "sha512-GlaYyEb07DPxYCKhKzplCWBJtvxZcZMrL+4UkrTSJHHPyZU4mYYTv3qaOe77H7EODLSSopAUFAc6W8U4yqvscg==",
      "dev": true,
      "license": "ISC",
      "dependencies": {
        "isexe": "^3.1.1"
      },
      "bin": {
        "node-which": "bin/which.js"
      },
      "engines": {
        "node": "^16.13.0 || >=18.0.0"
      }
    }
  }
}
